
Microsoft Visual Studio Solution File, Format Version 12.00
# Visual Studio 15
VisualStudioVersion = 15.0.27428.2002
MinimumVisualStudioVersion = 10.0.40219.1
Project("{FAE04EC0-301F-11D3-BF4B-00C04F79EFBC}") = "Scrabble", "Scrabble\Scrabble.csproj", "{7E7047E6-51CB-4D07-BA22-EA6B4193FA89}"
EndProject
Project("{FAE04EC0-301F-11D3-BF4B-00C04F79EFBC}") = "Scrabble.Server", "Scrabble.Server\Scrabble.Server.csproj", "{E3E5C9F0-0FB2-4E30-BE88-50B98C65D709}"
EndProject
Project("{2150E333-8FDC-42A3-9474-1A3956D46DE8}") = "Words", "Words", "{4D21702C-A04F-4576-9B3B-E4837E5544DC}"
	ProjectSection(SolutionItems) = preProject
		Scrabble\words\hi.bbc.words = Scrabble\words\hi.bbc.words
		Scrabble\words\kn.vijaykarnataka.com.words = Scrabble\words\kn.vijaykarnataka.com.words
		Scrabble\words\te.andhrajyothy.words = Scrabble\words\te.andhrajyothy.words
		Scrabble\words\te.bbc.words = Scrabble\words\te.bbc.words
		Scrabble\words\te.eenadu.words = Scrabble\words\te.eenadu.words
		Scrabble\words\te.gallery.words = Scrabble\words\te.gallery.words
		Scrabble\words\te.kinige.com.words = Scrabble\words\te.kinige.com.words
		Scrabble\words\te.veeven.words = Scrabble\words\te.veeven.words
	EndProjectSection
EndProject
Global
	GlobalSection(SolutionConfigurationPlatforms) = preSolution
		Debug|Any CPU = Debug|Any CPU
		Release|Any CPU = Release|Any CPU
	EndGlobalSection
	GlobalSection(ProjectConfigurationPlatforms) = postSolution
		{7E7047E6-51CB-4D07-BA22-EA6B4193FA89}.Debug|Any CPU.ActiveCfg = Debug|Any CPU
		{7E7047E6-51CB-4D07-BA22-EA6B4193FA89}.Debug|Any CPU.Build.0 = Debug|Any CPU
		{7E7047E6-51CB-4D07-BA22-EA6B4193FA89}.Release|Any CPU.ActiveCfg = Release|Any CPU
		{7E7047E6-51CB-4D07-BA22-EA6B4193FA89}.Release|Any CPU.Build.0 = Release|Any CPU
		{E3E5C9F0-0FB2-4E30-BE88-50B98C65D709}.Debug|Any CPU.ActiveCfg = Debug|Any CPU
		{E3E5C9F0-0FB2-4E30-BE88-50B98C65D709}.Debug|Any CPU.Build.0 = Debug|Any CPU
		{E3E5C9F0-0FB2-4E30-BE88-50B98C65D709}.Release|Any CPU.ActiveCfg = Release|Any CPU
		{E3E5C9F0-0FB2-4E30-BE88-50B98C65D709}.Release|Any CPU.Build.0 = Release|Any CPU
	EndGlobalSection
	GlobalSection(SolutionProperties) = preSolution
		HideSolutionNode = FALSE
	EndGlobalSection
	GlobalSection(ExtensibilityGlobals) = postSolution
		LessCompiler = 7e7047e6-51cb-4d07-ba22-ea6b4193fa89
		SolutionGuid = {0EFE05FF-8ECC-42CB-8C32-692E1201251F}
	EndGlobalSection
EndGlobal
